
Microsoft Visual Studio Solution File, Format Version 12.00
# Visual Studio 15
VisualStudioVersion = 15.0.28307.106
MinimumVisualStudioVersion = 10.0.40219.1
Project("{9092AA53-FB77-4645-B42D-1CCCA6BD08BD}") = "MixerBot", "MixerBot\MixerBot.njsproj", "{6B2068E7-C0FC-4904-8CD9-887CAAD8226D}"
EndProject
Global
	GlobalSection(SolutionConfigurationPlatforms) = preSolution
		Debug|Any CPU = Debug|Any CPU
		Release|Any CPU = Release|Any CPU
	EndGlobalSection
	GlobalSection(ProjectConfigurationPlatforms) = postSolution
		{6B2068E7-C0FC-4904-8CD9-887CAAD8226D}.Debug|Any CPU.ActiveCfg = Debug|Any CPU
		{6B2068E7-C0FC-4904-8CD9-887CAAD8226D}.Debug|Any CPU.Build.0 = Debug|Any CPU
		{6B2068E7-C0FC-4904-8CD9-887CAAD8226D}.Release|Any CPU.ActiveCfg = Release|Any CPU
		{6B2068E7-C0FC-4904-8CD9-887CAAD8226D}.Release|Any CPU.Build.0 = Release|Any CPU
	EndGlobalSection
	GlobalSection(SolutionProperties) = preSolution
		HideSolutionNode = FALSE
	EndGlobalSection
	GlobalSection(ExtensibilityGlobals) = postSolution
		SolutionGuid = {86CE3125-754B-439F-8A1D-A97E114CE951}
	EndGlobalSection
EndGlobal
